// !$*UTF8*$!
{
	archiveVersion = 1;
	classes = {
	};
	objectVersion = 46;
	objects = {

/* Begin PBXBuildFile section */
		5E03CD571CC593E00038BC2A /* Recorder.m in Sources */ = {isa = PBXBuildFile; fileRef = 5E03CD561CC593E00038BC2A /* Recorder.m */; };
		5E8BF0921CC195810042A809 /* main.m in Sources */ = {isa = PBXBuildFile; fileRef = 5E8BF0911CC195810042A809 /* main.m */; };
		5E8BF0951CC195810042A809 /* AppDelegate.m in Sources */ = {isa = PBXBuildFile; fileRef = 5E8BF0941CC195810042A809 /* AppDelegate.m */; };
		5E8BF0981CC195810042A809 /* ViewController.m in Sources */ = {isa = PBXBuildFile; fileRef = 5E8BF0971CC195810042A809 /* ViewController.m */; };
		5E8BF09B1CC195810042A809 /* Main.storyboard in Resources */ = {isa = PBXBuildFile; fileRef = 5E8BF0991CC195810042A809 /* Main.storyboard */; };
		5E8BF09D1CC195810042A809 /* Assets.xcassets in Resources */ = {isa = PBXBuildFile; fileRef = 5E8BF09C1CC195810042A809 /* Assets.xcassets */; };
		5E8BF0A01CC195810042A809 /* LaunchScreen.storyboard in Resources */ = {isa = PBXBuildFile; fileRef = 5E8BF09E1CC195810042A809 /* LaunchScreen.storyboard */; };
		5E8BF0A91CC199C90042A809 /* AudioToolbox.framework in Frameworks */ = {isa = PBXBuildFile; fileRef = 5E8BF0A71CC199C90042A809 /* AudioToolbox.framework */; };
		5E8BF0AA1CC199C90042A809 /* AVFoundation.framework in Frameworks */ = {isa = PBXBuildFile; fileRef = 5E8BF0A81CC199C90042A809 /* AVFoundation.framework */; };
		5E8BF0B01CC19AA70042A809 /* BJIConverter.m in Sources */ = {isa = PBXBuildFile; fileRef = 5E8BF0AD1CC19AA70042A809 /* BJIConverter.m */; };
		5E8BF0B11CC19AA70042A809 /* PCMMixer.m in Sources */ = {isa = PBXBuildFile; fileRef = 5E8BF0AF1CC19AA70042A809 /* PCMMixer.m */; };
		5E8BF0BB1CC1A5710042A809 /* AudioMixer.m in Sources */ = {isa = PBXBuildFile; fileRef = 5E8BF0BA1CC1A5710042A809 /* AudioMixer.m */; };
		5ED5F8A21CD1633F0070E1AE /* SoundEFXBase.m in Sources */ = {isa = PBXBuildFile; fileRef = 5ED5F8A11CD1633F0070E1AE /* SoundEFXBase.m */; };
		5ED5F8A51CD1643C0070E1AE /* CatSoundEFX.m in Sources */ = {isa = PBXBuildFile; fileRef = 5ED5F8A41CD1643C0070E1AE /* CatSoundEFX.m */; };
		5ED5F8A81CD1659D0070E1AE /* BatSoundEFX.m in Sources */ = {isa = PBXBuildFile; fileRef = 5ED5F8A71CD1659D0070E1AE /* BatSoundEFX.m */; };
		5ED5F8AB1CD1667B0070E1AE /* RoosterSoundEFX.m in Sources */ = {isa = PBXBuildFile; fileRef = 5ED5F8AA1CD1667B0070E1AE /* RoosterSoundEFX.m */; };
		5ED5F8AE1CD167400070E1AE /* BearSoundEFX.m in Sources */ = {isa = PBXBuildFile; fileRef = 5ED5F8AD1CD167400070E1AE /* BearSoundEFX.m */; };
		5ED5F8B01CD168650070E1AE /* bat.mp3 in Resources */ = {isa = PBXBuildFile; fileRef = 5ED5F8AF1CD168650070E1AE /* bat.mp3 */; };
		5ED5F8B31CD168A10070E1AE /* cat.mp3 in Resources */ = {isa = PBXBuildFile; fileRef = 5ED5F8B11CD168A10070E1AE /* cat.mp3 */; };
		5ED5F8B41CD168A10070E1AE /* rooster.mp3 in Resources */ = {isa = PBXBuildFile; fileRef = 5ED5F8B21CD168A10070E1AE /* rooster.mp3 */; };
		5ED5F8B61CD169910070E1AE /* bear.mp3 in Resources */ = {isa = PBXBuildFile; fileRef = 5ED5F8B51CD169910070E1AE /* bear.mp3 */; };
		5ED5F8B91CD16E170070E1AE /* ChickenSoundEFX.m in Sources */ = {isa = PBXBuildFile; fileRef = 5ED5F8B81CD16E170070E1AE /* ChickenSoundEFX.m */; };
		5ED5F8BC1CD16E500070E1AE /* CowSoundEFX.m in Sources */ = {isa = PBXBuildFile; fileRef = 5ED5F8BB1CD16E500070E1AE /* CowSoundEFX.m */; };
		5ED5F8BF1CD16E8D0070E1AE /* CrowSoundEFX.m in Sources */ = {isa = PBXBuildFile; fileRef = 5ED5F8BE1CD16E8D0070E1AE /* CrowSoundEFX.m */; };
		5ED5F8C21CD16EBE0070E1AE /* DogSoundEFX.m in Sources */ = {isa = PBXBuildFile; fileRef = 5ED5F8C11CD16EBE0070E1AE /* DogSoundEFX.m */; };
		5ED5F8C51CD16EFE0070E1AE /* DuckSoundEFX.m in Sources */ = {isa = PBXBuildFile; fileRef = 5ED5F8C41CD16EFE0070E1AE /* DuckSoundEFX.m */; };
		5ED5F8C81CD16F4C0070E1AE /* EagleSoundEFX.m in Sources */ = {isa = PBXBuildFile; fileRef = 5ED5F8C71CD16F4C0070E1AE /* EagleSoundEFX.m */; };
		5ED5F8CB1CD16F7B0070E1AE /* ElephantSoundEFX.m in Sources */ = {isa = PBXBuildFile; fileRef = 5ED5F8CA1CD16F7B0070E1AE /* ElephantSoundEFX.m */; };
		5ED5F8CE1CD16FAA0070E1AE /* HorseSoundEFX.m in Sources */ = {isa = PBXBuildFile; fileRef = 5ED5F8CD1CD16FAA0070E1AE /* HorseSoundEFX.m */; };
		5ED5F8D11CD17E790070E1AE /* LionSoundEFX.m in Sources */ = {isa = PBXBuildFile; fileRef = 5ED5F8D01CD17E790070E1AE /* LionSoundEFX.m */; };
		5ED5F8D41CD17EAF0070E1AE /* MonkeySoundEFX.m in Sources */ = {isa = PBXBuildFile; fileRef = 5ED5F8D31CD17EAF0070E1AE /* MonkeySoundEFX.m */; };
		5ED5F8D71CD17F2B0070E1AE /* OwlSoundEFX.m in Sources */ = {isa = PBXBuildFile; fileRef = 5ED5F8D61CD17F2B0070E1AE /* OwlSoundEFX.m */; };
		5ED5F8DA1CD17F5E0070E1AE /* ScarySoundEFX.m in Sources */ = {isa = PBXBuildFile; fileRef = 5ED5F8D91CD17F5E0070E1AE /* ScarySoundEFX.m */; };
		5ED5F8DD1CD17FB40070E1AE /* SeaSoundEFX.m in Sources */ = {isa = PBXBuildFile; fileRef = 5ED5F8DC1CD17FB40070E1AE /* SeaSoundEFX.m */; };
		5ED5F8E01CD180000070E1AE /* RiverSoundEFX.m in Sources */ = {isa = PBXBuildFile; fileRef = 5ED5F8DF1CD180000070E1AE /* RiverSoundEFX.m */; };
		5ED5F8E31CD180B50070E1AE /* WindSoundEFX.m in Sources */ = {isa = PBXBuildFile; fileRef = 5ED5F8E21CD180B50070E1AE /* WindSoundEFX.m */; };
		5ED5F8E61CD180E50070E1AE /* ThunderSoundEFX.m in Sources */ = {isa = PBXBuildFile; fileRef = 5ED5F8E51CD180E50070E1AE /* ThunderSoundEFX.m */; };
		5ED5F8E91CD181070070E1AE /* RainSoundEFX.m in Sources */ = {isa = PBXBuildFile; fileRef = 5ED5F8E81CD181070070E1AE /* RainSoundEFX.m */; };
		5ED5F8EC1CD1812B0070E1AE /* CarSoundEFX.m in Sources */ = {isa = PBXBuildFile; fileRef = 5ED5F8EB1CD1812B0070E1AE /* CarSoundEFX.m */; };
		5ED5F8EF1CD181880070E1AE /* TrainSoundEFX.m in Sources */ = {isa = PBXBuildFile; fileRef = 5ED5F8EE1CD181880070E1AE /* TrainSoundEFX.m */; };
		5ED5F8F21CD181B50070E1AE /* UfoSoundEFX.m in Sources */ = {isa = PBXBuildFile; fileRef = 5ED5F8F11CD181B50070E1AE /* UfoSoundEFX.m */; };
		5ED5F8F51CD181D90070E1AE /* NightSoundEFX.m in Sources */ = {isa = PBXBuildFile; fileRef = 5ED5F8F41CD181D90070E1AE /* NightSoundEFX.m */; };
		5ED5F8F81CD181FA0070E1AE /* SuspenseSoundEFX.m in Sources */ = {isa = PBXBuildFile; fileRef = 5ED5F8F71CD181FA0070E1AE /* SuspenseSoundEFX.m */; };
		5ED5F8FB1CD1822E0070E1AE /* FireSoundEFX.m in Sources */ = {isa = PBXBuildFile; fileRef = 5ED5F8FA1CD1822E0070E1AE /* FireSoundEFX.m */; };
		5ED5F8FE1CD182520070E1AE /* ExplosionSoundEFX.m in Sources */ = {isa = PBXBuildFile; fileRef = 5ED5F8FD1CD182520070E1AE /* ExplosionSoundEFX.m */; };
		5ED5F9011CD182880070E1AE /* JungleSoundEFX.m in Sources */ = {isa = PBXBuildFile; fileRef = 5ED5F9001CD182880070E1AE /* JungleSoundEFX.m */; };
		5ED5F9041CD182C70070E1AE /* PowerupSoundEFX.m in Sources */ = {isa = PBXBuildFile; fileRef = 5ED5F9031CD182C70070E1AE /* PowerupSoundEFX.m */; };
		5EFD91901CD2B37D00A63A24 /* PigSoundEFX.m in Sources */ = {isa = PBXBuildFile; fileRef = 5EFD918F1CD2B37D00A63A24 /* PigSoundEFX.m */; };
		5EFD91931CD2CDA300A63A24 /* DoorSoundEFX.m in Sources */ = {isa = PBXBuildFile; fileRef = 5EFD91921CD2CDA300A63A24 /* DoorSoundEFX.m */; };
/* End PBXBuildFile section */

/* Begin PBXFileReference section */
		5E03CD551CC593E00038BC2A /* Recorder.h */ = {isa = PBXFileReference; fileEncoding = 4; lastKnownFileType = sourcecode.c.h; name = Recorder.h; path = ../Recorder.h; sourceTree = "<group>"; };
		5E03CD561CC593E00038BC2A /* Recorder.m */ = {isa = PBXFileReference; fileEncoding = 4; lastKnownFileType = sourcecode.c.objc; name = Recorder.m; path = ../Recorder.m; sourceTree = "<group>"; };
		5E8BF08D1CC195810042A809 /* sonicstoryteller.app */ = {isa = PBXFileReference; explicitFileType = wrapper.application; includeInIndex = 0; path = sonicstoryteller.app; sourceTree = BUILT_PRODUCTS_DIR; };
		5E8BF0911CC195810042A809 /* main.m */ = {isa = PBXFileReference; lastKnownFileType = sourcecode.c.objc; path = main.m; sourceTree = "<group>"; };
		5E8BF0931CC195810042A809 /* AppDelegate.h */ = {isa = PBXFileReference; lastKnownFileType = sourcecode.c.h; path = AppDelegate.h; sourceTree = "<group>"; };
		5E8BF0941CC195810042A809 /* AppDelegate.m */ = {isa = PBXFileReference; lastKnownFileType = sourcecode.c.objc; path = AppDelegate.m; sourceTree = "<group>"; };
		5E8BF0961CC195810042A809 /* ViewController.h */ = {isa = PBXFileReference; lastKnownFileType = sourcecode.c.h; path = ViewController.h; sourceTree = "<group>"; };
		5E8BF0971CC195810042A809 /* ViewController.m */ = {isa = PBXFileReference; lastKnownFileType = sourcecode.c.objc; path = ViewController.m; sourceTree = "<group>"; };
		5E8BF09A1CC195810042A809 /* Base */ = {isa = PBXFileReference; lastKnownFileType = file.storyboard; name = Base; path = Base.lproj/Main.storyboard; sourceTree = "<group>"; };
		5E8BF09C1CC195810042A809 /* Assets.xcassets */ = {isa = PBXFileReference; lastKnownFileType = folder.assetcatalog; path = Assets.xcassets; sourceTree = "<group>"; };
		5E8BF09F1CC195810042A809 /* Base */ = {isa = PBXFileReference; lastKnownFileType = file.storyboard; name = Base; path = Base.lproj/LaunchScreen.storyboard; sourceTree = "<group>"; };
		5E8BF0A11CC195810042A809 /* Info.plist */ = {isa = PBXFileReference; lastKnownFileType = text.plist.xml; path = Info.plist; sourceTree = "<group>"; };
		5E8BF0A71CC199C90042A809 /* AudioToolbox.framework */ = {isa = PBXFileReference; lastKnownFileType = wrapper.framework; name = AudioToolbox.framework; path = System/Library/Frameworks/AudioToolbox.framework; sourceTree = SDKROOT; };
		5E8BF0A81CC199C90042A809 /* AVFoundation.framework */ = {isa = PBXFileReference; lastKnownFileType = wrapper.framework; name = AVFoundation.framework; path = System/Library/Frameworks/AVFoundation.framework; sourceTree = SDKROOT; };
		5E8BF0AC1CC19AA70042A809 /* BJIConverter.h */ = {isa = PBXFileReference; fileEncoding = 4; lastKnownFileType = sourcecode.c.h; path = BJIConverter.h; sourceTree = "<group>"; };
		5E8BF0AD1CC19AA70042A809 /* BJIConverter.m */ = {isa = PBXFileReference; fileEncoding = 4; lastKnownFileType = sourcecode.c.objc; path = BJIConverter.m; sourceTree = "<group>"; };
		5E8BF0AE1CC19AA70042A809 /* PCMMixer.h */ = {isa = PBXFileReference; fileEncoding = 4; lastKnownFileType = sourcecode.c.h; path = PCMMixer.h; sourceTree = "<group>"; };
		5E8BF0AF1CC19AA70042A809 /* PCMMixer.m */ = {isa = PBXFileReference; fileEncoding = 4; lastKnownFileType = sourcecode.c.objc; path = PCMMixer.m; sourceTree = "<group>"; };
		5E8BF0B91CC1A5710042A809 /* AudioMixer.h */ = {isa = PBXFileReference; fileEncoding = 4; lastKnownFileType = sourcecode.c.h; path = AudioMixer.h; sourceTree = "<group>"; };
		5E8BF0BA1CC1A5710042A809 /* AudioMixer.m */ = {isa = PBXFileReference; fileEncoding = 4; lastKnownFileType = sourcecode.c.objc; path = AudioMixer.m; sourceTree = "<group>"; };
		5ED5F8A01CD1633F0070E1AE /* SoundEFXBase.h */ = {isa = PBXFileReference; fileEncoding = 4; lastKnownFileType = sourcecode.c.h; name = SoundEFXBase.h; path = Base/SoundEFXBase.h; sourceTree = "<group>"; };
		5ED5F8A11CD1633F0070E1AE /* SoundEFXBase.m */ = {isa = PBXFileReference; fileEncoding = 4; lastKnownFileType = sourcecode.c.objc; name = SoundEFXBase.m; path = Base/SoundEFXBase.m; sourceTree = "<group>"; };
		5ED5F8A31CD1643C0070E1AE /* CatSoundEFX.h */ = {isa = PBXFileReference; fileEncoding = 4; lastKnownFileType = sourcecode.c.h; name = CatSoundEFX.h; path = Base/CatSoundEFX.h; sourceTree = "<group>"; };
		5ED5F8A41CD1643C0070E1AE /* CatSoundEFX.m */ = {isa = PBXFileReference; fileEncoding = 4; lastKnownFileType = sourcecode.c.objc; name = CatSoundEFX.m; path = Base/CatSoundEFX.m; sourceTree = "<group>"; };
		5ED5F8A61CD1659D0070E1AE /* BatSoundEFX.h */ = {isa = PBXFileReference; fileEncoding = 4; lastKnownFileType = sourcecode.c.h; name = BatSoundEFX.h; path = Base/BatSoundEFX.h; sourceTree = "<group>"; };
		5ED5F8A71CD1659D0070E1AE /* BatSoundEFX.m */ = {isa = PBXFileReference; fileEncoding = 4; lastKnownFileType = sourcecode.c.objc; name = BatSoundEFX.m; path = Base/BatSoundEFX.m; sourceTree = "<group>"; };
		5ED5F8A91CD1667B0070E1AE /* RoosterSoundEFX.h */ = {isa = PBXFileReference; fileEncoding = 4; lastKnownFileType = sourcecode.c.h; name = RoosterSoundEFX.h; path = Base/RoosterSoundEFX.h; sourceTree = "<group>"; };
		5ED5F8AA1CD1667B0070E1AE /* RoosterSoundEFX.m */ = {isa = PBXFileReference; fileEncoding = 4; lastKnownFileType = sourcecode.c.objc; name = RoosterSoundEFX.m; path = Base/RoosterSoundEFX.m; sourceTree = "<group>"; };
		5ED5F8AC1CD167400070E1AE /* BearSoundEFX.h */ = {isa = PBXFileReference; fileEncoding = 4; lastKnownFileType = sourcecode.c.h; name = BearSoundEFX.h; path = Base/BearSoundEFX.h; sourceTree = "<group>"; };
		5ED5F8AD1CD167400070E1AE /* BearSoundEFX.m */ = {isa = PBXFileReference; fileEncoding = 4; lastKnownFileType = sourcecode.c.objc; name = BearSoundEFX.m; path = Base/BearSoundEFX.m; sourceTree = "<group>"; };
		5ED5F8AF1CD168650070E1AE /* bat.mp3 */ = {isa = PBXFileReference; lastKnownFileType = audio.mp3; name = bat.mp3; path = AudioEFX/bat.mp3; sourceTree = "<group>"; };
		5ED5F8B11CD168A10070E1AE /* cat.mp3 */ = {isa = PBXFileReference; lastKnownFileType = audio.mp3; name = cat.mp3; path = AudioEFX/cat.mp3; sourceTree = "<group>"; };
		5ED5F8B21CD168A10070E1AE /* rooster.mp3 */ = {isa = PBXFileReference; lastKnownFileType = audio.mp3; name = rooster.mp3; path = AudioEFX/rooster.mp3; sourceTree = "<group>"; };
		5ED5F8B51CD169910070E1AE /* bear.mp3 */ = {isa = PBXFileReference; lastKnownFileType = audio.mp3; name = bear.mp3; path = AudioEFX/bear.mp3; sourceTree = "<group>"; };
		5ED5F8B71CD16E170070E1AE /* ChickenSoundEFX.h */ = {isa = PBXFileReference; fileEncoding = 4; lastKnownFileType = sourcecode.c.h; name = ChickenSoundEFX.h; path = Base/ChickenSoundEFX.h; sourceTree = "<group>"; };
		5ED5F8B81CD16E170070E1AE /* ChickenSoundEFX.m */ = {isa = PBXFileReference; fileEncoding = 4; lastKnownFileType = sourcecode.c.objc; name = ChickenSoundEFX.m; path = Base/ChickenSoundEFX.m; sourceTree = "<group>"; };
		5ED5F8BA1CD16E500070E1AE /* CowSoundEFX.h */ = {isa = PBXFileReference; fileEncoding = 4; lastKnownFileType = sourcecode.c.h; name = CowSoundEFX.h; path = Base/CowSoundEFX.h; sourceTree = "<group>"; };
		5ED5F8BB1CD16E500070E1AE /* CowSoundEFX.m */ = {isa = PBXFileReference; fileEncoding = 4; lastKnownFileType = sourcecode.c.objc; name = CowSoundEFX.m; path = Base/CowSoundEFX.m; sourceTree = "<group>"; };
		5ED5F8BD1CD16E8D0070E1AE /* CrowSoundEFX.h */ = {isa = PBXFileReference; fileEncoding = 4; lastKnownFileType = sourcecode.c.h; name = CrowSoundEFX.h; path = Base/CrowSoundEFX.h; sourceTree = "<group>"; };
		5ED5F8BE1CD16E8D0070E1AE /* CrowSoundEFX.m */ = {isa = PBXFileReference; fileEncoding = 4; lastKnownFileType = sourcecode.c.objc; name = CrowSoundEFX.m; path = Base/CrowSoundEFX.m; sourceTree = "<group>"; };
		5ED5F8C01CD16EBE0070E1AE /* DogSoundEFX.h */ = {isa = PBXFileReference; fileEncoding = 4; lastKnownFileType = sourcecode.c.h; name = DogSoundEFX.h; path = Base/DogSoundEFX.h; sourceTree = "<group>"; };
		5ED5F8C11CD16EBE0070E1AE /* DogSoundEFX.m */ = {isa = PBXFileReference; fileEncoding = 4; lastKnownFileType = sourcecode.c.objc; name = DogSoundEFX.m; path = Base/DogSoundEFX.m; sourceTree = "<group>"; };
		5ED5F8C31CD16EFE0070E1AE /* DuckSoundEFX.h */ = {isa = PBXFileReference; fileEncoding = 4; lastKnownFileType = sourcecode.c.h; name = DuckSoundEFX.h; path = Base/DuckSoundEFX.h; sourceTree = "<group>"; };
		5ED5F8C41CD16EFE0070E1AE /* DuckSoundEFX.m */ = {isa = PBXFileReference; fileEncoding = 4; lastKnownFileType = sourcecode.c.objc; name = DuckSoundEFX.m; path = Base/DuckSoundEFX.m; sourceTree = "<group>"; };
		5ED5F8C61CD16F4C0070E1AE /* EagleSoundEFX.h */ = {isa = PBXFileReference; fileEncoding = 4; lastKnownFileType = sourcecode.c.h; name = EagleSoundEFX.h; path = Base/EagleSoundEFX.h; sourceTree = "<group>"; };
		5ED5F8C71CD16F4C0070E1AE /* EagleSoundEFX.m */ = {isa = PBXFileReference; fileEncoding = 4; lastKnownFileType = sourcecode.c.objc; name = EagleSoundEFX.m; path = Base/EagleSoundEFX.m; sourceTree = "<group>"; };
		5ED5F8C91CD16F7B0070E1AE /* ElephantSoundEFX.h */ = {isa = PBXFileReference; fileEncoding = 4; lastKnownFileType = sourcecode.c.h; name = ElephantSoundEFX.h; path = Base/ElephantSoundEFX.h; sourceTree = "<group>"; };
		5ED5F8CA1CD16F7B0070E1AE /* ElephantSoundEFX.m */ = {isa = PBXFileReference; fileEncoding = 4; lastKnownFileType = sourcecode.c.objc; name = ElephantSoundEFX.m; path = Base/ElephantSoundEFX.m; sourceTree = "<group>"; };
		5ED5F8CC1CD16FAA0070E1AE /* HorseSoundEFX.h */ = {isa = PBXFileReference; fileEncoding = 4; lastKnownFileType = sourcecode.c.h; name = HorseSoundEFX.h; path = Base/HorseSoundEFX.h; sourceTree = "<group>"; };
		5ED5F8CD1CD16FAA0070E1AE /* HorseSoundEFX.m */ = {isa = PBXFileReference; fileEncoding = 4; lastKnownFileType = sourcecode.c.objc; name = HorseSoundEFX.m; path = Base/HorseSoundEFX.m; sourceTree = "<group>"; };
		5ED5F8CF1CD17E790070E1AE /* LionSoundEFX.h */ = {isa = PBXFileReference; fileEncoding = 4; lastKnownFileType = sourcecode.c.h; name = LionSoundEFX.h; path = Base/LionSoundEFX.h; sourceTree = "<group>"; };
		5ED5F8D01CD17E790070E1AE /* LionSoundEFX.m */ = {isa = PBXFileReference; fileEncoding = 4; lastKnownFileType = sourcecode.c.objc; name = LionSoundEFX.m; path = Base/LionSoundEFX.m; sourceTree = "<group>"; };
		5ED5F8D21CD17EAF0070E1AE /* MonkeySoundEFX.h */ = {isa = PBXFileReference; fileEncoding = 4; lastKnownFileType = sourcecode.c.h; name = MonkeySoundEFX.h; path = Base/MonkeySoundEFX.h; sourceTree = "<group>"; };
		5ED5F8D31CD17EAF0070E1AE /* MonkeySoundEFX.m */ = {isa = PBXFileReference; fileEncoding = 4; lastKnownFileType = sourcecode.c.objc; name = MonkeySoundEFX.m; path = Base/MonkeySoundEFX.m; sourceTree = "<group>"; };
		5ED5F8D51CD17F2B0070E1AE /* OwlSoundEFX.h */ = {isa = PBXFileReference; fileEncoding = 4; lastKnownFileType = sourcecode.c.h; name = OwlSoundEFX.h; path = Base/OwlSoundEFX.h; sourceTree = "<group>"; };
		5ED5F8D61CD17F2B0070E1AE /* OwlSoundEFX.m */ = {isa = PBXFileReference; fileEncoding = 4; lastKnownFileType = sourcecode.c.objc; name = OwlSoundEFX.m; path = Base/OwlSoundEFX.m; sourceTree = "<group>"; };
		5ED5F8D81CD17F5E0070E1AE /* ScarySoundEFX.h */ = {isa = PBXFileReference; fileEncoding = 4; lastKnownFileType = sourcecode.c.h; name = ScarySoundEFX.h; path = Base/ScarySoundEFX.h; sourceTree = "<group>"; };
		5ED5F8D91CD17F5E0070E1AE /* ScarySoundEFX.m */ = {isa = PBXFileReference; fileEncoding = 4; lastKnownFileType = sourcecode.c.objc; name = ScarySoundEFX.m; path = Base/ScarySoundEFX.m; sourceTree = "<group>"; };
		5ED5F8DB1CD17FB40070E1AE /* SeaSoundEFX.h */ = {isa = PBXFileReference; fileEncoding = 4; lastKnownFileType = sourcecode.c.h; name = SeaSoundEFX.h; path = Base/SeaSoundEFX.h; sourceTree = "<group>"; };
		5ED5F8DC1CD17FB40070E1AE /* SeaSoundEFX.m */ = {isa = PBXFileReference; fileEncoding = 4; lastKnownFileType = sourcecode.c.objc; name = SeaSoundEFX.m; path = Base/SeaSoundEFX.m; sourceTree = "<group>"; };
		5ED5F8DE1CD180000070E1AE /* RiverSoundEFX.h */ = {isa = PBXFileReference; fileEncoding = 4; lastKnownFileType = sourcecode.c.h; name = RiverSoundEFX.h; path = Base/RiverSoundEFX.h; sourceTree = "<group>"; };
		5ED5F8DF1CD180000070E1AE /* RiverSoundEFX.m */ = {isa = PBXFileReference; fileEncoding = 4; lastKnownFileType = sourcecode.c.objc; name = RiverSoundEFX.m; path = Base/RiverSoundEFX.m; sourceTree = "<group>"; };
		5ED5F8E11CD180B50070E1AE /* WindSoundEFX.h */ = {isa = PBXFileReference; fileEncoding = 4; lastKnownFileType = sourcecode.c.h; name = WindSoundEFX.h; path = Base/WindSoundEFX.h; sourceTree = "<group>"; };
		5ED5F8E21CD180B50070E1AE /* WindSoundEFX.m */ = {isa = PBXFileReference; fileEncoding = 4; lastKnownFileType = sourcecode.c.objc; name = WindSoundEFX.m; path = Base/WindSoundEFX.m; sourceTree = "<group>"; };
		5ED5F8E41CD180E50070E1AE /* ThunderSoundEFX.h */ = {isa = PBXFileReference; fileEncoding = 4; lastKnownFileType = sourcecode.c.h; name = ThunderSoundEFX.h; path = Base/ThunderSoundEFX.h; sourceTree = "<group>"; };
		5ED5F8E51CD180E50070E1AE /* ThunderSoundEFX.m */ = {isa = PBXFileReference; fileEncoding = 4; lastKnownFileType = sourcecode.c.objc; name = ThunderSoundEFX.m; path = Base/ThunderSoundEFX.m; sourceTree = "<group>"; };
		5ED5F8E71CD181070070E1AE /* RainSoundEFX.h */ = {isa = PBXFileReference; fileEncoding = 4; lastKnownFileType = sourcecode.c.h; name = RainSoundEFX.h; path = Base/RainSoundEFX.h; sourceTree = "<group>"; };
		5ED5F8E81CD181070070E1AE /* RainSoundEFX.m */ = {isa = PBXFileReference; fileEncoding = 4; lastKnownFileType = sourcecode.c.objc; name = RainSoundEFX.m; path = Base/RainSoundEFX.m; sourceTree = "<group>"; };
		5ED5F8EA1CD1812B0070E1AE /* CarSoundEFX.h */ = {isa = PBXFileReference; fileEncoding = 4; lastKnownFileType = sourcecode.c.h; name = CarSoundEFX.h; path = Base/CarSoundEFX.h; sourceTree = "<group>"; };
		5ED5F8EB1CD1812B0070E1AE /* CarSoundEFX.m */ = {isa = PBXFileReference; fileEncoding = 4; lastKnownFileType = sourcecode.c.objc; name = CarSoundEFX.m; path = Base/CarSoundEFX.m; sourceTree = "<group>"; };
		5ED5F8ED1CD181880070E1AE /* TrainSoundEFX.h */ = {isa = PBXFileReference; fileEncoding = 4; lastKnownFileType = sourcecode.c.h; name = TrainSoundEFX.h; path = Base/TrainSoundEFX.h; sourceTree = "<group>"; };
		5ED5F8EE1CD181880070E1AE /* TrainSoundEFX.m */ = {isa = PBXFileReference; fileEncoding = 4; lastKnownFileType = sourcecode.c.objc; name = TrainSoundEFX.m; path = Base/TrainSoundEFX.m; sourceTree = "<group>"; };
		5ED5F8F01CD181B50070E1AE /* UfoSoundEFX.h */ = {isa = PBXFileReference; fileEncoding = 4; lastKnownFileType = sourcecode.c.h; name = UfoSoundEFX.h; path = Base/UfoSoundEFX.h; sourceTree = "<group>"; };
		5ED5F8F11CD181B50070E1AE /* UfoSoundEFX.m */ = {isa = PBXFileReference; fileEncoding = 4; lastKnownFileType = sourcecode.c.objc; name = UfoSoundEFX.m; path = Base/UfoSoundEFX.m; sourceTree = "<group>"; };
		5ED5F8F31CD181D90070E1AE /* NightSoundEFX.h */ = {isa = PBXFileReference; fileEncoding = 4; lastKnownFileType = sourcecode.c.h; name = NightSoundEFX.h; path = Base/NightSoundEFX.h; sourceTree = "<group>"; };
		5ED5F8F41CD181D90070E1AE /* NightSoundEFX.m */ = {isa = PBXFileReference; fileEncoding = 4; lastKnownFileType = sourcecode.c.objc; name = NightSoundEFX.m; path = Base/NightSoundEFX.m; sourceTree = "<group>"; };
		5ED5F8F61CD181FA0070E1AE /* SuspenseSoundEFX.h */ = {isa = PBXFileReference; fileEncoding = 4; lastKnownFileType = sourcecode.c.h; name = SuspenseSoundEFX.h; path = Base/SuspenseSoundEFX.h; sourceTree = "<group>"; };
		5ED5F8F71CD181FA0070E1AE /* SuspenseSoundEFX.m */ = {isa = PBXFileReference; fileEncoding = 4; lastKnownFileType = sourcecode.c.objc; name = SuspenseSoundEFX.m; path = Base/SuspenseSoundEFX.m; sourceTree = "<group>"; };
		5ED5F8F91CD1822E0070E1AE /* FireSoundEFX.h */ = {isa = PBXFileReference; fileEncoding = 4; lastKnownFileType = sourcecode.c.h; name = FireSoundEFX.h; path = Base/FireSoundEFX.h; sourceTree = "<group>"; };
		5ED5F8FA1CD1822E0070E1AE /* FireSoundEFX.m */ = {isa = PBXFileReference; fileEncoding = 4; lastKnownFileType = sourcecode.c.objc; name = FireSoundEFX.m; path = Base/FireSoundEFX.m; sourceTree = "<group>"; };
		5ED5F8FC1CD182520070E1AE /* ExplosionSoundEFX.h */ = {isa = PBXFileReference; fileEncoding = 4; lastKnownFileType = sourcecode.c.h; name = ExplosionSoundEFX.h; path = Base/ExplosionSoundEFX.h; sourceTree = "<group>"; };
		5ED5F8FD1CD182520070E1AE /* ExplosionSoundEFX.m */ = {isa = PBXFileReference; fileEncoding = 4; lastKnownFileType = sourcecode.c.objc; name = ExplosionSoundEFX.m; path = Base/ExplosionSoundEFX.m; sourceTree = "<group>"; };
		5ED5F8FF1CD182880070E1AE /* JungleSoundEFX.h */ = {isa = PBXFileReference; fileEncoding = 4; lastKnownFileType = sourcecode.c.h; name = JungleSoundEFX.h; path = Base/JungleSoundEFX.h; sourceTree = "<group>"; };
		5ED5F9001CD182880070E1AE /* JungleSoundEFX.m */ = {isa = PBXFileReference; fileEncoding = 4; lastKnownFileType = sourcecode.c.objc; name = JungleSoundEFX.m; path = Base/JungleSoundEFX.m; sourceTree = "<group>"; };
		5ED5F9021CD182C70070E1AE /* PowerupSoundEFX.h */ = {isa = PBXFileReference; fileEncoding = 4; lastKnownFileType = sourcecode.c.h; name = PowerupSoundEFX.h; path = Base/PowerupSoundEFX.h; sourceTree = "<group>"; };
		5ED5F9031CD182C70070E1AE /* PowerupSoundEFX.m */ = {isa = PBXFileReference; fileEncoding = 4; lastKnownFileType = sourcecode.c.objc; name = PowerupSoundEFX.m; path = Base/PowerupSoundEFX.m; sourceTree = "<group>"; };
		5EFD918E1CD2B37D00A63A24 /* PigSoundEFX.h */ = {isa = PBXFileReference; fileEncoding = 4; lastKnownFileType = sourcecode.c.h; name = PigSoundEFX.h; path = Base/PigSoundEFX.h; sourceTree = "<group>"; };
		5EFD918F1CD2B37D00A63A24 /* PigSoundEFX.m */ = {isa = PBXFileReference; fileEncoding = 4; lastKnownFileType = sourcecode.c.objc; name = PigSoundEFX.m; path = Base/PigSoundEFX.m; sourceTree = "<group>"; };
		5EFD91911CD2CDA300A63A24 /* DoorSoundEFX.h */ = {isa = PBXFileReference; fileEncoding = 4; lastKnownFileType = sourcecode.c.h; name = DoorSoundEFX.h; path = Base/DoorSoundEFX.h; sourceTree = "<group>"; };
		5EFD91921CD2CDA300A63A24 /* DoorSoundEFX.m */ = {isa = PBXFileReference; fileEncoding = 4; lastKnownFileType = sourcecode.c.objc; name = DoorSoundEFX.m; path = Base/DoorSoundEFX.m; sourceTree = "<group>"; };
/* End PBXFileReference section */

/* Begin PBXFrameworksBuildPhase section */
		5E8BF08A1CC195810042A809 /* Frameworks */ = {
			isa = PBXFrameworksBuildPhase;
			buildActionMask = 2147483647;
			files = (
				5E8BF0A91CC199C90042A809 /* AudioToolbox.framework in Frameworks */,
				5E8BF0AA1CC199C90042A809 /* AVFoundation.framework in Frameworks */,
			);
			runOnlyForDeploymentPostprocessing = 0;
		};
/* End PBXFrameworksBuildPhase section */

/* Begin PBXGroup section */
		5E8BF0841CC195810042A809 = {
			isa = PBXGroup;
			children = (
				5E8BF0A71CC199C90042A809 /* AudioToolbox.framework */,
				5E8BF0A81CC199C90042A809 /* AVFoundation.framework */,
				5E8BF08F1CC195810042A809 /* sonicstoryteller */,
				5E8BF08E1CC195810042A809 /* Products */,
			);
			sourceTree = "<group>";
		};
		5E8BF08E1CC195810042A809 /* Products */ = {
			isa = PBXGroup;
			children = (
				5E8BF08D1CC195810042A809 /* sonicstoryteller.app */,
			);
			name = Products;
			sourceTree = "<group>";
		};
		5E8BF08F1CC195810042A809 /* sonicstoryteller */ = {
			isa = PBXGroup;
			children = (
				5ED5F89F1CD162BD0070E1AE /* Base */,
				5E8BF0B21CC19DB40042A809 /* AudioEFX */,
				5E8BF0AB1CC19A7F0042A809 /* Helpers */,
				5E8BF0931CC195810042A809 /* AppDelegate.h */,
				5E8BF0941CC195810042A809 /* AppDelegate.m */,
				5E8BF0961CC195810042A809 /* ViewController.h */,
				5E8BF0971CC195810042A809 /* ViewController.m */,
				5E8BF0991CC195810042A809 /* Main.storyboard */,
				5E8BF09C1CC195810042A809 /* Assets.xcassets */,
				5E8BF09E1CC195810042A809 /* LaunchScreen.storyboard */,
				5E8BF0A11CC195810042A809 /* Info.plist */,
				5E8BF0901CC195810042A809 /* Supporting Files */,
			);
			path = sonicstoryteller;
			sourceTree = "<group>";
		};
		5E8BF0901CC195810042A809 /* Supporting Files */ = {
			isa = PBXGroup;
			children = (
				5E8BF0911CC195810042A809 /* main.m */,
			);
			name = "Supporting Files";
			sourceTree = "<group>";
		};
		5E8BF0AB1CC19A7F0042A809 /* Helpers */ = {
			isa = PBXGroup;
			children = (
				5E8BF0B91CC1A5710042A809 /* AudioMixer.h */,
				5E8BF0BA1CC1A5710042A809 /* AudioMixer.m */,
				5E03CD551CC593E00038BC2A /* Recorder.h */,
				5E03CD561CC593E00038BC2A /* Recorder.m */,
				5E8BF0AC1CC19AA70042A809 /* BJIConverter.h */,
				5E8BF0AD1CC19AA70042A809 /* BJIConverter.m */,
				5E8BF0AE1CC19AA70042A809 /* PCMMixer.h */,
				5E8BF0AF1CC19AA70042A809 /* PCMMixer.m */,
			);
			name = Helpers;
			sourceTree = "<group>";
		};
		5E8BF0B21CC19DB40042A809 /* AudioEFX */ = {
			isa = PBXGroup;
			children = (
				5ED5F8B51CD169910070E1AE /* bear.mp3 */,
				5ED5F8B11CD168A10070E1AE /* cat.mp3 */,
				5ED5F8B21CD168A10070E1AE /* rooster.mp3 */,
				5ED5F8AF1CD168650070E1AE /* bat.mp3 */,
			);
			name = AudioEFX;
			sourceTree = "<group>";
		};
		5ED5F89F1CD162BD0070E1AE /* Base */ = {
			isa = PBXGroup;
			children = (
				5ED5F8A01CD1633F0070E1AE /* SoundEFXBase.h */,
				5ED5F8A11CD1633F0070E1AE /* SoundEFXBase.m */,
				5ED5F8A31CD1643C0070E1AE /* CatSoundEFX.h */,
				5ED5F8A41CD1643C0070E1AE /* CatSoundEFX.m */,
				5ED5F8A61CD1659D0070E1AE /* BatSoundEFX.h */,
				5ED5F8A71CD1659D0070E1AE /* BatSoundEFX.m */,
				5ED5F8A91CD1667B0070E1AE /* RoosterSoundEFX.h */,
				5ED5F8AA1CD1667B0070E1AE /* RoosterSoundEFX.m */,
				5ED5F8AC1CD167400070E1AE /* BearSoundEFX.h */,
				5ED5F8AD1CD167400070E1AE /* BearSoundEFX.m */,
				5ED5F8B71CD16E170070E1AE /* ChickenSoundEFX.h */,
				5ED5F8B81CD16E170070E1AE /* ChickenSoundEFX.m */,
				5ED5F8BA1CD16E500070E1AE /* CowSoundEFX.h */,
				5ED5F8BB1CD16E500070E1AE /* CowSoundEFX.m */,
				5ED5F8BD1CD16E8D0070E1AE /* CrowSoundEFX.h */,
				5ED5F8BE1CD16E8D0070E1AE /* CrowSoundEFX.m */,
				5ED5F8C01CD16EBE0070E1AE /* DogSoundEFX.h */,
				5ED5F8C11CD16EBE0070E1AE /* DogSoundEFX.m */,
				5ED5F8C31CD16EFE0070E1AE /* DuckSoundEFX.h */,
				5ED5F8C41CD16EFE0070E1AE /* DuckSoundEFX.m */,
				5ED5F8C61CD16F4C0070E1AE /* EagleSoundEFX.h */,
				5ED5F8C71CD16F4C0070E1AE /* EagleSoundEFX.m */,
				5ED5F8C91CD16F7B0070E1AE /* ElephantSoundEFX.h */,
				5ED5F8CA1CD16F7B0070E1AE /* ElephantSoundEFX.m */,
				5ED5F8CC1CD16FAA0070E1AE /* HorseSoundEFX.h */,
				5ED5F8CD1CD16FAA0070E1AE /* HorseSoundEFX.m */,
				5ED5F8CF1CD17E790070E1AE /* LionSoundEFX.h */,
				5ED5F8D01CD17E790070E1AE /* LionSoundEFX.m */,
				5ED5F8D21CD17EAF0070E1AE /* MonkeySoundEFX.h */,
				5ED5F8D31CD17EAF0070E1AE /* MonkeySoundEFX.m */,
				5ED5F8D51CD17F2B0070E1AE /* OwlSoundEFX.h */,
				5ED5F8D61CD17F2B0070E1AE /* OwlSoundEFX.m */,
				5ED5F8D81CD17F5E0070E1AE /* ScarySoundEFX.h */,
				5ED5F8D91CD17F5E0070E1AE /* ScarySoundEFX.m */,
				5ED5F8DB1CD17FB40070E1AE /* SeaSoundEFX.h */,
				5ED5F8DC1CD17FB40070E1AE /* SeaSoundEFX.m */,
				5ED5F8DE1CD180000070E1AE /* RiverSoundEFX.h */,
				5ED5F8DF1CD180000070E1AE /* RiverSoundEFX.m */,
				5ED5F8E11CD180B50070E1AE /* WindSoundEFX.h */,
				5ED5F8E21CD180B50070E1AE /* WindSoundEFX.m */,
				5ED5F8E41CD180E50070E1AE /* ThunderSoundEFX.h */,
				5ED5F8E51CD180E50070E1AE /* ThunderSoundEFX.m */,
				5ED5F8E71CD181070070E1AE /* RainSoundEFX.h */,
				5ED5F8E81CD181070070E1AE /* RainSoundEFX.m */,
				5ED5F8EA1CD1812B0070E1AE /* CarSoundEFX.h */,
				5ED5F8EB1CD1812B0070E1AE /* CarSoundEFX.m */,
				5ED5F8ED1CD181880070E1AE /* TrainSoundEFX.h */,
				5ED5F8EE1CD181880070E1AE /* TrainSoundEFX.m */,
				5ED5F8F01CD181B50070E1AE /* UfoSoundEFX.h */,
				5ED5F8F11CD181B50070E1AE /* UfoSoundEFX.m */,
				5ED5F8F31CD181D90070E1AE /* NightSoundEFX.h */,
				5ED5F8F41CD181D90070E1AE /* NightSoundEFX.m */,
				5ED5F8F61CD181FA0070E1AE /* SuspenseSoundEFX.h */,
				5ED5F8F71CD181FA0070E1AE /* SuspenseSoundEFX.m */,
				5ED5F8F91CD1822E0070E1AE /* FireSoundEFX.h */,
				5ED5F8FA1CD1822E0070E1AE /* FireSoundEFX.m */,
				5ED5F8FC1CD182520070E1AE /* ExplosionSoundEFX.h */,
				5ED5F8FD1CD182520070E1AE /* ExplosionSoundEFX.m */,
				5ED5F8FF1CD182880070E1AE /* JungleSoundEFX.h */,
				5ED5F9001CD182880070E1AE /* JungleSoundEFX.m */,
				5ED5F9021CD182C70070E1AE /* PowerupSoundEFX.h */,
				5ED5F9031CD182C70070E1AE /* PowerupSoundEFX.m */,
				5EFD918E1CD2B37D00A63A24 /* PigSoundEFX.h */,
				5EFD918F1CD2B37D00A63A24 /* PigSoundEFX.m */,
				5EFD91911CD2CDA300A63A24 /* DoorSoundEFX.h */,
				5EFD91921CD2CDA300A63A24 /* DoorSoundEFX.m */,
			);
			name = Base;
			sourceTree = "<group>";
		};
/* End PBXGroup section */

/* Begin PBXNativeTarget section */
		5E8BF08C1CC195810042A809 /* sonicstoryteller */ = {
			isa = PBXNativeTarget;
			buildConfigurationList = 5E8BF0A41CC195810042A809 /* Build configuration list for PBXNativeTarget "sonicstoryteller" */;
			buildPhases = (
				5E8BF0891CC195810042A809 /* Sources */,
				5E8BF08A1CC195810042A809 /* Frameworks */,
				5E8BF08B1CC195810042A809 /* Resources */,
			);
			buildRules = (
			);
			dependencies = (
			);
			name = sonicstoryteller;
			productName = sonicstoryteller;
			productReference = 5E8BF08D1CC195810042A809 /* sonicstoryteller.app */;
			productType = "com.apple.product-type.application";
		};
/* End PBXNativeTarget section */

/* Begin PBXProject section */
		5E8BF0851CC195810042A809 /* Project object */ = {
			isa = PBXProject;
			attributes = {
				LastUpgradeCheck = 0730;
				ORGANIZATIONNAME = "SREEKANTH JAGADEESAN VAZHAPPULLY";
				TargetAttributes = {
					5E8BF08C1CC195810042A809 = {
						CreatedOnToolsVersion = 7.3;
						DevelopmentTeam = 8RL87T3XA4;
					};
				};
			};
			buildConfigurationList = 5E8BF0881CC195810042A809 /* Build configuration list for PBXProject "sonicstoryteller" */;
			compatibilityVersion = "Xcode 3.2";
			developmentRegion = English;
			hasScannedForEncodings = 0;
			knownRegions = (
				en,
				Base,
			);
			mainGroup = 5E8BF0841CC195810042A809;
			productRefGroup = 5E8BF08E1CC195810042A809 /* Products */;
			projectDirPath = "";
			projectRoot = "";
			targets = (
				5E8BF08C1CC195810042A809 /* sonicstoryteller */,
			);
		};
/* End PBXProject section */

/* Begin PBXResourcesBuildPhase section */
		5E8BF08B1CC195810042A809 /* Resources */ = {
			isa = PBXResourcesBuildPhase;
			buildActionMask = 2147483647;
			files = (
				5ED5F8B01CD168650070E1AE /* bat.mp3 in Resources */,
				5E8BF0A01CC195810042A809 /* LaunchScreen.storyboard in Resources */,
				5E8BF09D1CC195810042A809 /* Assets.xcassets in Resources */,
				5ED5F8B41CD168A10070E1AE /* rooster.mp3 in Resources */,
				5ED5F8B61CD169910070E1AE /* bear.mp3 in Resources */,
				5ED5F8B31CD168A10070E1AE /* cat.mp3 in Resources */,
				5E8BF09B1CC195810042A809 /* Main.storyboard in Resources */,
			);
			runOnlyForDeploymentPostprocessing = 0;
		};
/* End PBXResourcesBuildPhase section */

/* Begin PBXSourcesBuildPhase section */
		5E8BF0891CC195810042A809 /* Sources */ = {
			isa = PBXSourcesBuildPhase;
			buildActionMask = 2147483647;
			files = (
				5ED5F9041CD182C70070E1AE /* PowerupSoundEFX.m in Sources */,
				5ED5F8DA1CD17F5E0070E1AE /* ScarySoundEFX.m in Sources */,
				5ED5F8E31CD180B50070E1AE /* WindSoundEFX.m in Sources */,
				5ED5F8A21CD1633F0070E1AE /* SoundEFXBase.m in Sources */,
				5E8BF0981CC195810042A809 /* ViewController.m in Sources */,
				5E8BF0951CC195810042A809 /* AppDelegate.m in Sources */,
				5E8BF0B11CC19AA70042A809 /* PCMMixer.m in Sources */,
				5ED5F8EF1CD181880070E1AE /* TrainSoundEFX.m in Sources */,
				5ED5F8F81CD181FA0070E1AE /* SuspenseSoundEFX.m in Sources */,
				5ED5F8A51CD1643C0070E1AE /* CatSoundEFX.m in Sources */,
				5ED5F8D11CD17E790070E1AE /* LionSoundEFX.m in Sources */,
				5ED5F9011CD182880070E1AE /* JungleSoundEFX.m in Sources */,
				5ED5F8B91CD16E170070E1AE /* ChickenSoundEFX.m in Sources */,
				5ED5F8A81CD1659D0070E1AE /* BatSoundEFX.m in Sources */,
				5ED5F8CE1CD16FAA0070E1AE /* HorseSoundEFX.m in Sources */,
				5ED5F8E91CD181070070E1AE /* RainSoundEFX.m in Sources */,
				5ED5F8C51CD16EFE0070E1AE /* DuckSoundEFX.m in Sources */,
				5EFD91931CD2CDA300A63A24 /* DoorSoundEFX.m in Sources */,
				5ED5F8D41CD17EAF0070E1AE /* MonkeySoundEFX.m in Sources */,
				5ED5F8C81CD16F4C0070E1AE /* EagleSoundEFX.m in Sources */,
				5ED5F8DD1CD17FB40070E1AE /* SeaSoundEFX.m in Sources */,
				5ED5F8E01CD180000070E1AE /* RiverSoundEFX.m in Sources */,
				5E8BF0B01CC19AA70042A809 /* BJIConverter.m in Sources */,
				5ED5F8BF1CD16E8D0070E1AE /* CrowSoundEFX.m in Sources */,
				5ED5F8E61CD180E50070E1AE /* ThunderSoundEFX.m in Sources */,
				5ED5F8AE1CD167400070E1AE /* BearSoundEFX.m in Sources */,
				5ED5F8F51CD181D90070E1AE /* NightSoundEFX.m in Sources */,
				5E8BF0BB1CC1A5710042A809 /* AudioMixer.m in Sources */,
				5ED5F8AB1CD1667B0070E1AE /* RoosterSoundEFX.m in Sources */,
				5ED5F8BC1CD16E500070E1AE /* CowSoundEFX.m in Sources */,
				5ED5F8FE1CD182520070E1AE /* ExplosionSoundEFX.m in Sources */,
				5E8BF0921CC195810042A809 /* main.m in Sources */,
				5ED5F8C21CD16EBE0070E1AE /* DogSoundEFX.m in Sources */,
				5ED5F8D71CD17F2B0070E1AE /* OwlSoundEFX.m in Sources */,
				5E03CD571CC593E00038BC2A /* Recorder.m in Sources */,
				5ED5F8FB1CD1822E0070E1AE /* FireSoundEFX.m in Sources */,
				5ED5F8EC1CD1812B0070E1AE /* CarSoundEFX.m in Sources */,
				5ED5F8F21CD181B50070E1AE /* UfoSoundEFX.m in Sources */,
				5EFD91901CD2B37D00A63A24 /* PigSoundEFX.m in Sources */,
				5ED5F8CB1CD16F7B0070E1AE /* ElephantSoundEFX.m in Sources */,
			);
			runOnlyForDeploymentPostprocessing = 0;
		};
/* End PBXSourcesBuildPhase section */

/* Begin PBXVariantGroup section */
		5E8BF0991CC195810042A809 /* Main.storyboard */ = {
			isa = PBXVariantGroup;
			children = (
				5E8BF09A1CC195810042A809 /* Base */,
			);
			name = Main.storyboard;
			sourceTree = "<group>";
		};
		5E8BF09E1CC195810042A809 /* LaunchScreen.storyboard */ = {
			isa = PBXVariantGroup;
			children = (
				5E8BF09F1CC195810042A809 /* Base */,
			);
			name = LaunchScreen.storyboard;
			sourceTree = "<group>";
		};
/* End PBXVariantGroup section */

/* Begin XCBuildConfiguration section */
		5E8BF0A21CC195810042A809 /* Debug */ = {
			isa = XCBuildConfiguration;
			buildSettings = {
				ALWAYS_SEARCH_USER_PATHS = NO;
				CLANG_ANALYZER_NONNULL = YES;
				CLANG_CXX_LANGUAGE_STANDARD = "gnu++0x";
				CLANG_CXX_LIBRARY = "libc++";
				CLANG_ENABLE_MODULES = YES;
				CLANG_ENABLE_OBJC_ARC = YES;
				CLANG_WARN_BOOL_CONVERSION = YES;
				CLANG_WARN_CONSTANT_CONVERSION = YES;
				CLANG_WARN_DIRECT_OBJC_ISA_USAGE = YES_ERROR;
				CLANG_WARN_EMPTY_BODY = YES;
				CLANG_WARN_ENUM_CONVERSION = YES;
				CLANG_WARN_INT_CONVERSION = YES;
				CLANG_WARN_OBJC_ROOT_CLASS = YES_ERROR;
				CLANG_WARN_UNREACHABLE_CODE = YES;
				CLANG_WARN__DUPLICATE_METHOD_MATCH = YES;
				"CODE_SIGN_IDENTITY[sdk=iphoneos*]" = "iPhone Developer";
				COPY_PHASE_STRIP = NO;
				DEBUG_INFORMATION_FORMAT = dwarf;
				ENABLE_STRICT_OBJC_MSGSEND = YES;
				ENABLE_TESTABILITY = YES;
				GCC_C_LANGUAGE_STANDARD = gnu99;
				GCC_DYNAMIC_NO_PIC = NO;
				GCC_NO_COMMON_BLOCKS = YES;
				GCC_OPTIMIZATION_LEVEL = 0;
				GCC_PREPROCESSOR_DEFINITIONS = (
					"DEBUG=1",
					"$(inherited)",
				);
				GCC_WARN_64_TO_32_BIT_CONVERSION = YES;
				GCC_WARN_ABOUT_RETURN_TYPE = YES_ERROR;
				GCC_WARN_UNDECLARED_SELECTOR = YES;
				GCC_WARN_UNINITIALIZED_AUTOS = YES_AGGRESSIVE;
				GCC_WARN_UNUSED_FUNCTION = YES;
				GCC_WARN_UNUSED_VARIABLE = YES;
				IPHONEOS_DEPLOYMENT_TARGET = 9.3;
				MTL_ENABLE_DEBUG_INFO = YES;
				ONLY_ACTIVE_ARCH = YES;
				SDKROOT = iphoneos;
				TARGETED_DEVICE_FAMILY = "1,2";
			};
			name = Debug;
		};
		5E8BF0A31CC195810042A809 /* Release */ = {
			isa = XCBuildConfiguration;
			buildSettings = {
				ALWAYS_SEARCH_USER_PATHS = NO;
				CLANG_ANALYZER_NONNULL = YES;
				CLANG_CXX_LANGUAGE_STANDARD = "gnu++0x";
				CLANG_CXX_LIBRARY = "libc++";
				CLANG_ENABLE_MODULES = YES;
				CLANG_ENABLE_OBJC_ARC = YES;
				CLANG_WARN_BOOL_CONVERSION = YES;
				CLANG_WARN_CONSTANT_CONVERSION = YES;
				CLANG_WARN_DIRECT_OBJC_ISA_USAGE = YES_ERROR;
				CLANG_WARN_EMPTY_BODY = YES;
				CLANG_WARN_ENUM_CONVERSION = YES;
				CLANG_WARN_INT_CONVERSION = YES;
				CLANG_WARN_OBJC_ROOT_CLASS = YES_ERROR;
				CLANG_WARN_UNREACHABLE_CODE = YES;
				CLANG_WARN__DUPLICATE_METHOD_MATCH = YES;
				"CODE_SIGN_IDENTITY[sdk=iphoneos*]" = "iPhone Developer";
				COPY_PHASE_STRIP = NO;
				DEBUG_INFORMATION_FORMAT = "dwarf-with-dsym";
				ENABLE_NS_ASSERTIONS = NO;
				ENABLE_STRICT_OBJC_MSGSEND = YES;
				GCC_C_LANGUAGE_STANDARD = gnu99;
				GCC_NO_COMMON_BLOCKS = YES;
				GCC_WARN_64_TO_32_BIT_CONVERSION = YES;
				GCC_WARN_ABOUT_RETURN_TYPE = YES_ERROR;
				GCC_WARN_UNDECLARED_SELECTOR = YES;
				GCC_WARN_UNINITIALIZED_AUTOS = YES_AGGRESSIVE;
				GCC_WARN_UNUSED_FUNCTION = YES;
				GCC_WARN_UNUSED_VARIABLE = YES;
				IPHONEOS_DEPLOYMENT_TARGET = 9.3;
				MTL_ENABLE_DEBUG_INFO = NO;
				SDKROOT = iphoneos;
				TARGETED_DEVICE_FAMILY = "1,2";
				VALIDATE_PRODUCT = YES;
			};
			name = Release;
		};
		5E8BF0A51CC195810042A809 /* Debug */ = {
			isa = XCBuildConfiguration;
			buildSettings = {
				ASSETCATALOG_COMPILER_APPICON_NAME = AppIcon;
				INFOPLIST_FILE = sonicstoryteller/Info.plist;
				LD_RUNPATH_SEARCH_PATHS = "$(inherited) @executable_path/Frameworks";
				PRODUCT_BUNDLE_IDENTIFIER = com.sreekanth.sonicstoryteller;
				PRODUCT_NAME = "$(TARGET_NAME)";
			};
			name = Debug;
		};
		5E8BF0A61CC195810042A809 /* Release */ = {
			isa = XCBuildConfiguration;
			buildSettings = {
				ASSETCATALOG_COMPILER_APPICON_NAME = AppIcon;
				INFOPLIST_FILE = sonicstoryteller/Info.plist;
				LD_RUNPATH_SEARCH_PATHS = "$(inherited) @executable_path/Frameworks";
				PRODUCT_BUNDLE_IDENTIFIER = com.sreekanth.sonicstoryteller;
				PRODUCT_NAME = "$(TARGET_NAME)";
			};
			name = Release;
		};
/* End XCBuildConfiguration section */

/* Begin XCConfigurationList section */
		5E8BF0881CC195810042A809 /* Build configuration list for PBXProject "sonicstoryteller" */ = {
			isa = XCConfigurationList;
			buildConfigurations = (
				5E8BF0A21CC195810042A809 /* Debug */,
				5E8BF0A31CC195810042A809 /* Release */,
			);
			defaultConfigurationIsVisible = 0;
			defaultConfigurationName = Release;
		};
		5E8BF0A41CC195810042A809 /* Build configuration list for PBXNativeTarget "sonicstoryteller" */ = {
			isa = XCConfigurationList;
			buildConfigurations = (
				5E8BF0A51CC195810042A809 /* Debug */,
				5E8BF0A61CC195810042A809 /* Release */,
			);
			defaultConfigurationIsVisible = 0;
			defaultConfigurationName = Release;
		};
/* End XCConfigurationList section */
	};
	rootObject = 5E8BF0851CC195810042A809 /* Project object */;
}
